
Microsoft Visual Studio Solution File, Format Version 12.00
# Visual Studio Version 17
VisualStudioVersion = 17.3.32825.248
MinimumVisualStudioVersion = 10.0.40219.1
Project("{FAE04EC0-301F-11D3-BF4B-00C04F79EFBC}") = "TiktolClone", "WebApplication1\TiktolClone.csproj", "{0C1DD1E2-17E6-4FE3-86F6-18B90824DA5C}"
EndProject
Global
	GlobalSection(SolutionConfigurationPlatforms) = preSolution
		Debug|Any CPU = Debug|Any CPU
		Release|Any CPU = Release|Any CPU
	EndGlobalSection
	GlobalSection(ProjectConfigurationPlatforms) = postSolution
		{0C1DD1E2-17E6-4FE3-86F6-18B90824DA5C}.Debug|Any CPU.ActiveCfg = Debug|Any CPU
		{0C1DD1E2-17E6-4FE3-86F6-18B90824DA5C}.Debug|Any CPU.Build.0 = Debug|Any CPU
		{0C1DD1E2-17E6-4FE3-86F6-18B90824DA5C}.Release|Any CPU.ActiveCfg = Release|Any CPU
		{0C1DD1E2-17E6-4FE3-86F6-18B90824DA5C}.Release|Any CPU.Build.0 = Release|Any CPU
	EndGlobalSection
	GlobalSection(SolutionProperties) = preSolution
		HideSolutionNode = FALSE
	EndGlobalSection
	GlobalSection(ExtensibilityGlobals) = postSolution
		SolutionGuid = {39F61947-8468-41B2-AE5F-F2FF11A10C73}
	EndGlobalSection
EndGlobal
